
Microsoft Visual Studio Solution File, Format Version 12.00
# Visual Studio Version 17
VisualStudioVersion = 17.14.36202.13 d17.14
MinimumVisualStudioVersion = 10.0.40219.1
Project("{FAE04EC0-301F-11D3-BF4B-00C04F79EFBC}") = "BaiTap", "BaiTap.csproj", "{EBCA8B6E-50AD-4229-B616-88452FA9FA83}"
EndProject
Global
	GlobalSection(SolutionConfigurationPlatforms) = preSolution
		Debug|Any CPU = Debug|Any CPU
		Release|Any CPU = Release|Any CPU
	EndGlobalSection
	GlobalSection(ProjectConfigurationPlatforms) = postSolution
		{EBCA8B6E-50AD-4229-B616-88452FA9FA83}.Debug|Any CPU.ActiveCfg = Debug|Any CPU
		{EBCA8B6E-50AD-4229-B616-88452FA9FA83}.Debug|Any CPU.Build.0 = Debug|Any CPU
		{EBCA8B6E-50AD-4229-B616-88452FA9FA83}.Release|Any CPU.ActiveCfg = Release|Any CPU
		{EBCA8B6E-50AD-4229-B616-88452FA9FA83}.Release|Any CPU.Build.0 = Release|Any CPU
	EndGlobalSection
	GlobalSection(SolutionProperties) = preSolution
		HideSolutionNode = FALSE
	EndGlobalSection
	GlobalSection(ExtensibilityGlobals) = postSolution
		SolutionGuid = {49A64567-8CAA-43EB-B1F6-08EFEFF44E44}
	EndGlobalSection
EndGlobal
