
Microsoft Visual Studio Solution File, Format Version 12.00
# Visual Studio Version 17
VisualStudioVersion = 17.14.36202.13 d17.14
MinimumVisualStudioVersion = 10.0.40219.1
Project("{FAE04EC0-301F-11D3-BF4B-00C04F79EFBC}") = "Lab12", "Lab12.csproj", "{00F29BEA-71F4-46D8-AA39-E93B33ECA449}"
EndProject
Global
	GlobalSection(SolutionConfigurationPlatforms) = preSolution
		Debug|Any CPU = Debug|Any CPU
		Release|Any CPU = Release|Any CPU
	EndGlobalSection
	GlobalSection(ProjectConfigurationPlatforms) = postSolution
		{00F29BEA-71F4-46D8-AA39-E93B33ECA449}.Debug|Any CPU.ActiveCfg = Debug|Any CPU
		{00F29BEA-71F4-46D8-AA39-E93B33ECA449}.Debug|Any CPU.Build.0 = Debug|Any CPU
		{00F29BEA-71F4-46D8-AA39-E93B33ECA449}.Release|Any CPU.ActiveCfg = Release|Any CPU
		{00F29BEA-71F4-46D8-AA39-E93B33ECA449}.Release|Any CPU.Build.0 = Release|Any CPU
	EndGlobalSection
	GlobalSection(SolutionProperties) = preSolution
		HideSolutionNode = FALSE
	EndGlobalSection
	GlobalSection(ExtensibilityGlobals) = postSolution
		SolutionGuid = {52B52701-285E-4109-93C5-0C6BD04B8565}
	EndGlobalSection
EndGlobal
